
Microsoft Visual Studio Solution File, Format Version 12.00
# Visual Studio Version 16
VisualStudioVersion = 16.0.30309.148
MinimumVisualStudioVersion = 10.0.40219.1
Project("{FAE04EC0-301F-11D3-BF4B-00C04F79EFBC}") = "live", "live\live.csproj", "{B34C1892-59E3-4DAD-BCA7-2715C3FE42E7}"
EndProject
Global
	GlobalSection(SolutionConfigurationPlatforms) = preSolution
		Debug|Any CPU = Debug|Any CPU
		Release|Any CPU = Release|Any CPU
	EndGlobalSection
	GlobalSection(ProjectConfigurationPlatforms) = postSolution
		{B34C1892-59E3-4DAD-BCA7-2715C3FE42E7}.Debug|Any CPU.ActiveCfg = Debug|Any CPU
		{B34C1892-59E3-4DAD-BCA7-2715C3FE42E7}.Debug|Any CPU.Build.0 = Debug|Any CPU
		{B34C1892-59E3-4DAD-BCA7-2715C3FE42E7}.Release|Any CPU.ActiveCfg = Release|Any CPU
		{B34C1892-59E3-4DAD-BCA7-2715C3FE42E7}.Release|Any CPU.Build.0 = Release|Any CPU
	EndGlobalSection
	GlobalSection(SolutionProperties) = preSolution
		HideSolutionNode = FALSE
	EndGlobalSection
	GlobalSection(ExtensibilityGlobals) = postSolution
		SolutionGuid = {AEE8D159-ECEF-486F-AD09-4EFE14E7E97A}
	EndGlobalSection
EndGlobal
